
Microsoft Visual Studio Solution File, Format Version 12.00
# Visual Studio Version 17
VisualStudioVersion = 17.4.33103.184
MinimumVisualStudioVersion = 10.0.40219.1
Project("{8BC9CEB8-8B4A-11D0-8D11-00A0C91BC942}") = "snakev2", "snakev2.vcxproj", "{DED7B844-2BDB-4624-8816-CE785F50A5CA}"
EndProject
Global
	GlobalSection(SolutionConfigurationPlatforms) = preSolution
		Debug|x64 = Debug|x64
		Debug|x86 = Debug|x86
		Release|x64 = Release|x64
		Release|x86 = Release|x86
	EndGlobalSection
	GlobalSection(ProjectConfigurationPlatforms) = postSolution
		{DED7B844-2BDB-4624-8816-CE785F50A5CA}.Debug|x64.ActiveCfg = Debug|x64
		{DED7B844-2BDB-4624-8816-CE785F50A5CA}.Debug|x64.Build.0 = Debug|x64
		{DED7B844-2BDB-4624-8816-CE785F50A5CA}.Debug|x86.ActiveCfg = Debug|Win32
		{DED7B844-2BDB-4624-8816-CE785F50A5CA}.Debug|x86.Build.0 = Debug|Win32
		{DED7B844-2BDB-4624-8816-CE785F50A5CA}.Release|x64.ActiveCfg = Release|x64
		{DED7B844-2BDB-4624-8816-CE785F50A5CA}.Release|x64.Build.0 = Release|x64
		{DED7B844-2BDB-4624-8816-CE785F50A5CA}.Release|x86.ActiveCfg = Release|Win32
		{DED7B844-2BDB-4624-8816-CE785F50A5CA}.Release|x86.Build.0 = Release|Win32
	EndGlobalSection
	GlobalSection(SolutionProperties) = preSolution
		HideSolutionNode = FALSE
	EndGlobalSection
	GlobalSection(ExtensibilityGlobals) = postSolution
		SolutionGuid = {70D24773-29E6-49B4-BC0F-3F2A5D5B413C}
	EndGlobalSection
EndGlobal
